{
  "version": 4,
  "terraform_version": "1.5.7",
  "serial": 13,
  "lineage": "a421dcc3-35cf-7af9-3d3c-de8ab44cf436",
  "outputs": {},
  "resources": [
    {
      "mode": "managed",
      "type": "keycloak_group",
      "name": "groups",
      "provider": "provider[\"registry.terraform.io/linz/keycloak\"]",
      "instances": [
        {
          "index_key": "kube-admin",
          "schema_version": 0,
          "attributes": {
            "attributes": null,
            "id": "1633f948-a825-455b-b8e1-67528e947b8e",
            "name": "kube-admin",
            "parent_id": null,
            "path": "/kube-admin",
            "realm_id": "master"
          },
          "sensitive_attributes": [],
          "private": "bnVsbA=="
        },
        {
          "index_key": "kube-dev",
          "schema_version": 0,
          "attributes": {
            "attributes": null,
            "id": "e3a308c3-952b-4982-8377-b58824651a58",
            "name": "kube-dev",
            "parent_id": null,
            "path": "/kube-dev",
            "realm_id": "master"
          },
          "sensitive_attributes": [],
          "private": "bnVsbA=="
        }
      ]
    },
    {
      "mode": "managed",
      "type": "keycloak_openid_client",
      "name": "kube",
      "provider": "provider[\"registry.terraform.io/linz/keycloak\"]",
      "instances": [
        {
          "schema_version": 0,
          "attributes": {
            "access_token_lifespan": "31536000",
            "access_type": "CONFIDENTIAL",
            "admin_url": "",
            "authentication_flow_binding_overrides": [],
            "authorization": [],
            "backchannel_logout_revoke_offline_sessions": false,
            "backchannel_logout_session_required": true,
            "backchannel_logout_url": "",
            "base_url": "",
            "client_authenticator_type": "client-secret",
            "client_id": "kube",
            "client_offline_session_idle_timeout": "",
            "client_offline_session_max_lifespan": "",
            "client_secret": "kube-client-secret",
            "client_session_idle_timeout": "",
            "client_session_max_lifespan": "",
            "consent_required": false,
            "consent_screen_text": "",
            "description": "",
            "direct_access_grants_enabled": true,
            "display_on_consent_screen": false,
            "enabled": true,
            "exclude_session_state_from_auth_response": null,
            "extra_config": null,
            "frontchannel_logout_enabled": false,
            "frontchannel_logout_url": "",
            "full_scope_allowed": true,
            "id": "3a03d9ea-5656-4409-a6fa-9e487c8a7816",
            "implicit_flow_enabled": false,
            "import": false,
            "login_theme": "",
            "name": "kube",
            "oauth2_device_authorization_grant_enabled": false,
            "oauth2_device_code_lifespan": "",
            "oauth2_device_polling_interval": "",
            "pkce_code_challenge_method": null,
            "realm_id": "master",
            "resource_server_id": null,
            "root_url": "",
            "service_account_user_id": "",
            "service_accounts_enabled": false,
            "standard_flow_enabled": false,
            "use_refresh_tokens": true,
            "use_refresh_tokens_client_credentials": false,
            "valid_post_logout_redirect_uris": [],
            "valid_redirect_uris": [],
            "web_origins": []
          },
          "sensitive_attributes": [],
          "private": "bnVsbA=="
        }
      ]
    },
    {
      "mode": "managed",
      "type": "keycloak_openid_client",
      "name": "mcp_inspector",
      "provider": "provider[\"registry.terraform.io/linz/keycloak\"]",
      "instances": [
        {
          "schema_version": 0,
          "attributes": {
            "access_token_lifespan": "31536000",
            "access_type": "PUBLIC",
            "admin_url": "",
            "authentication_flow_binding_overrides": [],
            "authorization": [],
            "backchannel_logout_revoke_offline_sessions": false,
            "backchannel_logout_session_required": true,
            "backchannel_logout_url": "",
            "base_url": "",
            "client_authenticator_type": "client-secret",
            "client_id": "mcp-inspector",
            "client_offline_session_idle_timeout": "",
            "client_offline_session_max_lifespan": "",
            "client_secret": "",
            "client_session_idle_timeout": "",
            "client_session_max_lifespan": "",
            "consent_required": false,
            "consent_screen_text": "",
            "description": "",
            "direct_access_grants_enabled": true,
            "display_on_consent_screen": false,
            "enabled": true,
            "exclude_session_state_from_auth_response": null,
            "extra_config": null,
            "frontchannel_logout_enabled": false,
            "frontchannel_logout_url": "",
            "full_scope_allowed": true,
            "id": "aa6a7c39-632b-4a03-bea0-e6907e75b190",
            "implicit_flow_enabled": false,
            "import": false,
            "login_theme": "",
            "name": "MCP Inspector",
            "oauth2_device_authorization_grant_enabled": false,
            "oauth2_device_code_lifespan": "",
            "oauth2_device_polling_interval": "",
            "pkce_code_challenge_method": "S256",
            "realm_id": "master",
            "resource_server_id": null,
            "root_url": "",
            "service_account_user_id": "",
            "service_accounts_enabled": false,
            "standard_flow_enabled": true,
            "use_refresh_tokens": true,
            "use_refresh_tokens_client_credentials": false,
            "valid_post_logout_redirect_uris": [],
            "valid_redirect_uris": [
              "http://localhost:6274/callback"
            ],
            "web_origins": [
              "http://localhost:6274"
            ]
          },
          "sensitive_attributes": [],
          "private": "bnVsbA=="
        }
      ]
    },
    {
      "mode": "managed",
      "type": "keycloak_openid_client_default_scopes",
      "name": "kube",
      "provider": "provider[\"registry.terraform.io/linz/keycloak\"]",
      "instances": [
        {
          "schema_version": 0,
          "attributes": {
            "client_id": "3a03d9ea-5656-4409-a6fa-9e487c8a7816",
            "default_scopes": [
              "email",
              "groups"
            ],
            "id": "master/3a03d9ea-5656-4409-a6fa-9e487c8a7816",
            "realm_id": "master"
          },
          "sensitive_attributes": [],
          "private": "bnVsbA==",
          "dependencies": [
            "keycloak_openid_client.kube",
            "keycloak_openid_client_scope.groups"
          ]
        }
      ]
    },
    {
      "mode": "managed",
      "type": "keycloak_openid_client_default_scopes",
      "name": "mcp_inspector",
      "provider": "provider[\"registry.terraform.io/linz/keycloak\"]",
      "instances": [
        {
          "schema_version": 0,
          "attributes": {
            "client_id": "aa6a7c39-632b-4a03-bea0-e6907e75b190",
            "default_scopes": [
              "email",
              "groups"
            ],
            "id": "master/aa6a7c39-632b-4a03-bea0-e6907e75b190",
            "realm_id": "master"
          },
          "sensitive_attributes": [],
          "private": "bnVsbA==",
          "dependencies": [
            "keycloak_openid_client.mcp_inspector",
            "keycloak_openid_client_scope.groups"
          ]
        }
      ]
    },
    {
      "mode": "managed",
      "type": "keycloak_openid_client_scope",
      "name": "groups",
      "provider": "provider[\"registry.terraform.io/linz/keycloak\"]",
      "instances": [
        {
          "schema_version": 0,
          "attributes": {
            "consent_screen_text": null,
            "description": "",
            "gui_order": 1,
            "id": "1383f400-a226-4b24-9878-13926c1171d9",
            "include_in_token_scope": true,
            "name": "groups",
            "realm_id": "master"
          },
          "sensitive_attributes": [],
          "private": "bnVsbA=="
        }
      ]
    },
    {
      "mode": "managed",
      "type": "keycloak_openid_group_membership_protocol_mapper",
      "name": "groups",
      "provider": "provider[\"registry.terraform.io/linz/keycloak\"]",
      "instances": [
        {
          "schema_version": 0,
          "attributes": {
            "add_to_access_token": true,
            "add_to_id_token": true,
            "add_to_userinfo": true,
            "claim_name": "groups",
            "client_id": null,
            "client_scope_id": "1383f400-a226-4b24-9878-13926c1171d9",
            "full_path": false,
            "id": "cbac0530-3f01-408c-9ca5-3bd2c9c38d3d",
            "name": "groups",
            "realm_id": "master"
          },
          "sensitive_attributes": [],
          "private": "bnVsbA==",
          "dependencies": [
            "keycloak_openid_client_scope.groups"
          ]
        }
      ]
    },
    {
      "mode": "managed",
      "type": "keycloak_user",
      "name": "users",
      "provider": "provider[\"registry.terraform.io/linz/keycloak\"]",
      "instances": [
        {
          "index_key": "user-admin",
          "schema_version": 0,
          "attributes": {
            "attributes": null,
            "email": "user-admin@domain.com",
            "email_verified": true,
            "enabled": true,
            "federated_identity": [],
            "first_name": "user-admin",
            "id": "4752700b-1986-402e-b464-474d7a07998b",
            "initial_password": [
              {
                "temporary": false,
                "value": "user-admin"
              }
            ],
            "last_name": "user-admin",
            "realm_id": "master",
            "required_actions": null,
            "username": "user-admin"
          },
          "sensitive_attributes": [],
          "private": "bnVsbA=="
        },
        {
          "index_key": "user-dev",
          "schema_version": 0,
          "attributes": {
            "attributes": null,
            "email": "user-dev@domain.com",
            "email_verified": true,
            "enabled": true,
            "federated_identity": [],
            "first_name": "user-dev",
            "id": "55af3ec1-1cd9-4730-bbaf-03d33402e516",
            "initial_password": [
              {
                "temporary": false,
                "value": "user-dev"
              }
            ],
            "last_name": "user-dev",
            "realm_id": "master",
            "required_actions": null,
            "username": "user-dev"
          },
          "sensitive_attributes": [],
          "private": "bnVsbA=="
        }
      ]
    },
    {
      "mode": "managed",
      "type": "keycloak_user_groups",
      "name": "user_groups",
      "provider": "provider[\"registry.terraform.io/linz/keycloak\"]",
      "instances": [
        {
          "index_key": "user-admin",
          "schema_version": 0,
          "attributes": {
            "exhaustive": true,
            "group_ids": [
              "1633f948-a825-455b-b8e1-67528e947b8e"
            ],
            "id": "master/4752700b-1986-402e-b464-474d7a07998b",
            "realm_id": "master",
            "user_id": "4752700b-1986-402e-b464-474d7a07998b"
          },
          "sensitive_attributes": [],
          "private": "bnVsbA==",
          "dependencies": [
            "keycloak_group.groups",
            "keycloak_user.users"
          ]
        },
        {
          "index_key": "user-dev",
          "schema_version": 0,
          "attributes": {
            "exhaustive": true,
            "group_ids": [
              "e3a308c3-952b-4982-8377-b58824651a58"
            ],
            "id": "master/55af3ec1-1cd9-4730-bbaf-03d33402e516",
            "realm_id": "master",
            "user_id": "55af3ec1-1cd9-4730-bbaf-03d33402e516"
          },
          "sensitive_attributes": [],
          "private": "bnVsbA==",
          "dependencies": [
            "keycloak_group.groups",
            "keycloak_user.users"
          ]
        }
      ]
    }
  ],
  "check_results": null
}
